
Microsoft Visual Studio Solution File, Format Version 12.00
# Visual Studio Version 16
VisualStudioVersion = 16.0.29926.136
MinimumVisualStudioVersion = 10.0.40219.1
Project("{888888A0-9F3D-457C-B088-3A5042F75D52}") = "CodeWars_BitCounting", "CodeWars_BitCounting.pyproj", "{101B66F3-75F2-4173-9D85-D0DB4C04420E}"
EndProject
Global
	GlobalSection(SolutionConfigurationPlatforms) = preSolution
		Debug|Any CPU = Debug|Any CPU
		Release|Any CPU = Release|Any CPU
	EndGlobalSection
	GlobalSection(ProjectConfigurationPlatforms) = postSolution
		{101B66F3-75F2-4173-9D85-D0DB4C04420E}.Debug|Any CPU.ActiveCfg = Debug|Any CPU
		{101B66F3-75F2-4173-9D85-D0DB4C04420E}.Release|Any CPU.ActiveCfg = Release|Any CPU
	EndGlobalSection
	GlobalSection(SolutionProperties) = preSolution
		HideSolutionNode = FALSE
	EndGlobalSection
	GlobalSection(ExtensibilityGlobals) = postSolution
		SolutionGuid = {36AC1B74-7EE1-4244-A09C-F544CB4C1C76}
	EndGlobalSection
EndGlobal
